{
  "requires": true,
  "lockfileVersion": 1,
  "dependencies": {
    "@angular/animations": {
      "version": "8.2.14",
      "resolved": "https://registry.npmjs.org/@angular/animations/-/animations-8.2.14.tgz",
      "integrity": "sha512-3Vc9TnNpKdtvKIXcWDFINSsnwgEMiDmLzjceWg1iYKwpeZGQahUXPoesLwQazBMmxJzQiA4HOMj0TTXKZ+Jzkg==",
      "requires": {
        "tslib": "^1.9.0"
      }
    },
    "@fortawesome/fontawesome-common-types": {
      "version": "0.2.26",
      "resolved": "https://registry.npmjs.org/@fortawesome/fontawesome-common-types/-/fontawesome-common-types-0.2.26.tgz",
      "integrity": "sha512-CcM/fIFwZlRdiWG/25xE/wHbtyUuCtqoCTrr6BsWw7hH072fR++n4L56KPydAr3ANgMJMjT8v83ZFIsDc7kE+A=="
    },
    "@sentry/browser": {
      "version": "5.10.2",
      "resolved": "https://registry.npmjs.org/@sentry/browser/-/browser-5.10.2.tgz",
      "integrity": "sha512-r3eyBu2ln7odvWtXARCZPzpuGrKsD6U9F3gKTu4xdFkA0swSLUvS7AC2FUksj/1BE23y+eB/zzPT+RYJ58tidA==",
      "requires": {
        "@sentry/core": "5.10.2",
        "@sentry/types": "5.10.0",
        "@sentry/utils": "5.10.2",
        "tslib": "^1.9.3"
      }
    },
    "@sentry/core": {
      "version": "5.10.2",
      "resolved": "https://registry.npmjs.org/@sentry/core/-/core-5.10.2.tgz",
      "integrity": "sha512-sKVeFH3v8K8xw2vM5MKMnnyAAwih+JSE3pbNL0CcCCA+/SwX+3jeAo2BhgXev2SAR/TjWW+wmeC9TdIW7KyYbg==",
      "requires": {
        "@sentry/hub": "5.10.2",
        "@sentry/minimal": "5.10.2",
        "@sentry/types": "5.10.0",
        "@sentry/utils": "5.10.2",
        "tslib": "^1.9.3"
      }
    },
    "@sentry/hub": {
      "version": "5.10.2",
      "resolved": "https://registry.npmjs.org/@sentry/hub/-/hub-5.10.2.tgz",
      "integrity": "sha512-hSlZIiu3hcR/I5yEhlpN9C0nip+U7hiRzRzUQaBiHO4YG4TC58NqnOPR89D/ekiuHIXzFpjW9OQmqtAMRoSUYA==",
      "requires": {
        "@sentry/types": "5.10.0",
        "@sentry/utils": "5.10.2",
        "tslib": "^1.9.3"
      }
    },
    "@sentry/minimal": {
      "version": "5.10.2",
      "resolved": "https://registry.npmjs.org/@sentry/minimal/-/minimal-5.10.2.tgz",
      "integrity": "sha512-GalixiM9sckYfompH5HHTp9XT2BcjawBkcl1DMEKUBEi37+kUq0bivOBmnN1G/I4/wWOUdnAI/kagDWaWpbZPg==",
      "requires": {
        "@sentry/hub": "5.10.2",
        "@sentry/types": "5.10.0",
        "tslib": "^1.9.3"
      }
    },
    "@sentry/types": {
      "version": "5.10.0",
      "resolved": "https://registry.npmjs.org/@sentry/types/-/types-5.10.0.tgz",
      "integrity": "sha512-TW20GzkCWsP6uAxR2JIpIkiitCKyIOfkyDsKBeLqYj4SaZjfvBPnzgNCcYR0L0UsP1/Es6oHooZfIGSkp6GGxQ=="
    },
    "@sentry/utils": {
      "version": "5.10.2",
      "resolved": "https://registry.npmjs.org/@sentry/utils/-/utils-5.10.2.tgz",
      "integrity": "sha512-UcbbaFpYrGSV448lQ16Cr+W/MPuKUflQQUdrMCt5vgaf5+M7kpozlcji4GGGZUCXIA7oRP93ABoXj55s1OM9zw==",
      "requires": {
        "@sentry/types": "5.10.0",
        "tslib": "^1.9.3"
      }
    },
    "@types/underscore": {
      "version": "1.9.4",
      "resolved": "https://registry.npmjs.org/@types/underscore/-/underscore-1.9.4.tgz",
      "integrity": "sha512-CjHWEMECc2/UxOZh0kpiz3lEyX2Px3rQS9HzD20lxMvx571ivOBQKeLnqEjxUY0BMgp6WJWo/pQLRBwMW5v4WQ=="
    },
    "font-awesome": {
      "version": "4.7.0",
      "resolved": "https://registry.npmjs.org/font-awesome/-/font-awesome-4.7.0.tgz",
      "integrity": "sha1-j6jPBBGhoxr9B7BtKQK7n8gVoTM="
    },
    "ngx-toastr": {
      "version": "11.2.1",
      "resolved": "https://registry.npmjs.org/ngx-toastr/-/ngx-toastr-11.2.1.tgz",
      "integrity": "sha512-qLZA+h1lIGLQ1HAJpx5JJ8i87PAZPAN6MnexmrWipSONqrK4fRh+nUKIxqmcckIiD16dgu2O5SNloSJymTKUAw==",
      "requires": {
        "tslib": "^1.9.0"
      }
    },
    "raven-js": {
      "version": "3.27.2",
      "resolved": "https://registry.npmjs.org/raven-js/-/raven-js-3.27.2.tgz",
      "integrity": "sha512-mFWQcXnhRFEQe5HeFroPaEghlnqy7F5E2J3Fsab189ondqUzcjwSVi7el7F36cr6PvQYXoZ1P2F5CSF2/azeMQ=="
    },
    "rxjs-compat": {
      "version": "6.5.3",
      "resolved": "https://registry.npmjs.org/rxjs-compat/-/rxjs-compat-6.5.3.tgz",
      "integrity": "sha512-BIJX2yovz3TBpjJoAZyls2QYuU6ZiCaZ+U96SmxQpuSP/qDUfiXPKOVLbThBB2WZijNHkdTTJXKRwvv5Y48H7g=="
    },
    "tslib": {
      "version": "1.10.0",
      "resolved": "https://registry.npmjs.org/tslib/-/tslib-1.10.0.tgz",
      "integrity": "sha512-qOebF53frne81cf0S9B41ByenJ3/IuH8yJKngAX35CmiZySA0khhkovshKK+jGCaMnVomla7gVlIcc3EvKPbTQ=="
    },
    "underscore": {
      "version": "1.9.1",
      "resolved": "https://registry.npmjs.org/underscore/-/underscore-1.9.1.tgz",
      "integrity": "sha512-5/4etnCkd9c8gwgowi5/om/mYO5ajCaOgdzj/oW+0eQV9WxKBDZw5+ycmKmeaTXjInS/W0BzpGLo2xR2aBwZdg=="
    }
  }
}
